// !$*UTF8*$!
{
	archiveVersion = 1;
	classes = {
	};
	objectVersion = 46;
	objects = {

/* Begin PBXBuildFile section */
		4D2EF41C144B757800F60963 /* main.c in Sources */ = {isa = PBXBuildFile; fileRef = 4D2EF41B144B757800F60963 /* main.c */; };
		4D2EF41E144B757800F60963 /* printFile.1 in CopyFiles */ = {isa = PBXBuildFile; fileRef = 4D2EF41D144B757800F60963 /* printFile.1 */; };
/* End PBXBuildFile section */

/* Begin PBXCopyFilesBuildPhase section */
		4D2EF415144B757800F60963 /* CopyFiles */ = {
			isa = PBXCopyFilesBuildPhase;
			buildActionMask = 2147483647;
			dstPath = /usr/share/man/man1/;
			dstSubfolderSpec = 0;
			files = (
				4D2EF41E144B757800F60963 /* printFile.1 in CopyFiles */,
			);
			runOnlyForDeploymentPostprocessing = 1;
		};
/* End PBXCopyFilesBuildPhase section */

/* Begin PBXFileReference section */
		4D2EF417144B757800F60963 /* printFile */ = {isa = PBXFileReference; explicitFileType = "compiled.mach-o.executable"; includeInIndex = 0; path = printFile; sourceTree = BUILT_PRODUCTS_DIR; };
		4D2EF41B144B757800F60963 /* main.c */ = {isa = PBXFileReference; lastKnownFileType = sourcecode.c.c; path = main.c; sourceTree = "<group>"; };
		4D2EF41D144B757800F60963 /* printFile.1 */ = {isa = PBXFileReference; lastKnownFileType = text.man; path = printFile.1; sourceTree = "<group>"; };
		4D2EF424144B7B3500F60963 /* My Data File */ = {isa = PBXFileReference; fileEncoding = 4; lastKnownFileType = text; name = "My Data File"; path = "../../../../Junk/9781430218098/Learn C Projects/10.04 - fileReader/My Data File"; sourceTree = "<group>"; };
/* End PBXFileReference section */

/* Begin PBXFrameworksBuildPhase section */
		4D2EF414144B757800F60963 /* Frameworks */ = {
			isa = PBXFrameworksBuildPhase;
			buildActionMask = 2147483647;
			files = (
			);
			runOnlyForDeploymentPostprocessing = 0;
		};
/* End PBXFrameworksBuildPhase section */

/* Begin PBXGroup section */
		4D2EF40C144B757800F60963 = {
			isa = PBXGroup;
			children = (
				4D2EF41A144B757800F60963 /* printFile */,
				4D2EF418144B757800F60963 /* Products */,
			);
			sourceTree = "<group>";
		};
		4D2EF418144B757800F60963 /* Products */ = {
			isa = PBXGroup;
			children = (
				4D2EF417144B757800F60963 /* printFile */,
			);
			name = Products;
			sourceTree = "<group>";
		};
		4D2EF41A144B757800F60963 /* printFile */ = {
			isa = PBXGroup;
			children = (
				4D2EF424144B7B3500F60963 /* My Data File */,
				4D2EF41B144B757800F60963 /* main.c */,
				4D2EF41D144B757800F60963 /* printFile.1 */,
			);
			path = printFile;
			sourceTree = "<group>";
		};
/* End PBXGroup section */

/* Begin PBXNativeTarget section */
		4D2EF416144B757800F60963 /* printFile */ = {
			isa = PBXNativeTarget;
			buildConfigurationList = 4D2EF421144B757800F60963 /* Build configuration list for PBXNativeTarget "printFile" */;
			buildPhases = (
				4D2EF413144B757800F60963 /* Sources */,
				4D2EF414144B757800F60963 /* Frameworks */,
				4D2EF415144B757800F60963 /* CopyFiles */,
			);
			buildRules = (
			);
			dependencies = (
			);
			name = printFile;
			productName = printFile;
			productReference = 4D2EF417144B757800F60963 /* printFile */;
			productType = "com.apple.product-type.tool";
		};
/* End PBXNativeTarget section */

/* Begin PBXProject section */
		4D2EF40E144B757800F60963 /* Project object */ = {
			isa = PBXProject;
			buildConfigurationList = 4D2EF411144B757800F60963 /* Build configuration list for PBXProject "printFile" */;
			compatibilityVersion = "Xcode 3.2";
			developmentRegion = English;
			hasScannedForEncodings = 0;
			knownRegions = (
				en,
			);
			mainGroup = 4D2EF40C144B757800F60963;
			productRefGroup = 4D2EF418144B757800F60963 /* Products */;
			projectDirPath = "";
			projectRoot = "";
			targets = (
				4D2EF416144B757800F60963 /* printFile */,
			);
		};
/* End PBXProject section */

/* Begin PBXSourcesBuildPhase section */
		4D2EF413144B757800F60963 /* Sources */ = {
			isa = PBXSourcesBuildPhase;
			buildActionMask = 2147483647;
			files = (
				4D2EF41C144B757800F60963 /* main.c in Sources */,
			);
			runOnlyForDeploymentPostprocessing = 0;
		};
/* End PBXSourcesBuildPhase section */

/* Begin XCBuildConfiguration section */
		4D2EF41F144B757800F60963 /* Debug */ = {
			isa = XCBuildConfiguration;
			buildSettings = {
				ALWAYS_SEARCH_USER_PATHS = NO;
				ARCHS = "$(ARCHS_STANDARD_64_BIT)";
				COPY_PHASE_STRIP = NO;
				GCC_C_LANGUAGE_STANDARD = gnu99;
				GCC_DYNAMIC_NO_PIC = NO;
				GCC_ENABLE_OBJC_EXCEPTIONS = YES;
				GCC_OPTIMIZATION_LEVEL = 0;
				GCC_PREPROCESSOR_DEFINITIONS = (
					"DEBUG=1",
					"$(inherited)",
				);
				GCC_SYMBOLS_PRIVATE_EXTERN = NO;
				GCC_VERSION = com.apple.compilers.llvm.clang.1_0;
				GCC_WARN_64_TO_32_BIT_CONVERSION = YES;
				GCC_WARN_ABOUT_MISSING_PROTOTYPES = YES;
				GCC_WARN_ABOUT_RETURN_TYPE = YES;
				GCC_WARN_UNUSED_VARIABLE = YES;
				MACOSX_DEPLOYMENT_TARGET = 10.7;
				ONLY_ACTIVE_ARCH = YES;
				SDKROOT = macosx;
			};
			name = Debug;
		};
		4D2EF420144B757800F60963 /* Release */ = {
			isa = XCBuildConfiguration;
			buildSettings = {
				ALWAYS_SEARCH_USER_PATHS = NO;
				ARCHS = "$(ARCHS_STANDARD_64_BIT)";
				COPY_PHASE_STRIP = YES;
				DEBUG_INFORMATION_FORMAT = "dwarf-with-dsym";
				GCC_C_LANGUAGE_STANDARD = gnu99;
				GCC_ENABLE_OBJC_EXCEPTIONS = YES;
				GCC_VERSION = com.apple.compilers.llvm.clang.1_0;
				GCC_WARN_64_TO_32_BIT_CONVERSION = YES;
				GCC_WARN_ABOUT_MISSING_PROTOTYPES = YES;
				GCC_WARN_ABOUT_RETURN_TYPE = YES;
				GCC_WARN_UNUSED_VARIABLE = YES;
				MACOSX_DEPLOYMENT_TARGET = 10.7;
				SDKROOT = macosx;
			};
			name = Release;
		};
		4D2EF422144B757800F60963 /* Debug */ = {
			isa = XCBuildConfiguration;
			buildSettings = {
				PRODUCT_NAME = "$(TARGET_NAME)";
			};
			name = Debug;
		};
		4D2EF423144B757800F60963 /* Release */ = {
			isa = XCBuildConfiguration;
			buildSettings = {
				PRODUCT_NAME = "$(TARGET_NAME)";
			};
			name = Release;
		};
/* End XCBuildConfiguration section */

/* Begin XCConfigurationList section */
		4D2EF411144B757800F60963 /* Build configuration list for PBXProject "printFile" */ = {
			isa = XCConfigurationList;
			buildConfigurations = (
				4D2EF41F144B757800F60963 /* Debug */,
				4D2EF420144B757800F60963 /* Release */,
			);
			defaultConfigurationIsVisible = 0;
			defaultConfigurationName = Release;
		};
		4D2EF421144B757800F60963 /* Build configuration list for PBXNativeTarget "printFile" */ = {
			isa = XCConfigurationList;
			buildConfigurations = (
				4D2EF422144B757800F60963 /* Debug */,
				4D2EF423144B757800F60963 /* Release */,
			);
			defaultConfigurationIsVisible = 0;
		};
/* End XCConfigurationList section */
	};
	rootObject = 4D2EF40E144B757800F60963 /* Project object */;
}
