// !$*UTF8*$!
{
	archiveVersion = 1;
	classes = {
	};
	objectVersion = 46;
	objects = {

/* Begin PBXBuildFile section */
		4D4726B513E322D0008FA053 /* main.c in Sources */ = {isa = PBXBuildFile; fileRef = 4D4726B413E322D0008FA053 /* main.c */; };
		4D4726B713E322D0008FA053 /* Zakopy.1 in CopyFiles */ = {isa = PBXBuildFile; fileRef = 4D4726B613E322D0008FA053 /* Zakopy.1 */; };
/* End PBXBuildFile section */

/* Begin PBXCopyFilesBuildPhase section */
		4D4726AE13E322D0008FA053 /* CopyFiles */ = {
			isa = PBXCopyFilesBuildPhase;
			buildActionMask = 2147483647;
			dstPath = /usr/share/man/man1/;
			dstSubfolderSpec = 0;
			files = (
				4D4726B713E322D0008FA053 /* Zakopy.1 in CopyFiles */,
			);
			runOnlyForDeploymentPostprocessing = 1;
		};
/* End PBXCopyFilesBuildPhase section */

/* Begin PBXFileReference section */
		4D4726B013E322D0008FA053 /* Zakopy */ = {isa = PBXFileReference; explicitFileType = "compiled.mach-o.executable"; includeInIndex = 0; path = Zakopy; sourceTree = BUILT_PRODUCTS_DIR; };
		4D4726B413E322D0008FA053 /* main.c */ = {isa = PBXFileReference; lastKnownFileType = sourcecode.c.c; path = main.c; sourceTree = "<group>"; };
		4D4726B613E322D0008FA053 /* Zakopy.1 */ = {isa = PBXFileReference; lastKnownFileType = text.man; path = Zakopy.1; sourceTree = "<group>"; };
/* End PBXFileReference section */

/* Begin PBXFrameworksBuildPhase section */
		4D4726AD13E322D0008FA053 /* Frameworks */ = {
			isa = PBXFrameworksBuildPhase;
			buildActionMask = 2147483647;
			files = (
			);
			runOnlyForDeploymentPostprocessing = 0;
		};
/* End PBXFrameworksBuildPhase section */

/* Begin PBXGroup section */
		4D4726A513E322D0008FA053 = {
			isa = PBXGroup;
			children = (
				4D4726B313E322D0008FA053 /* Zakopy */,
				4D4726B113E322D0008FA053 /* Products */,
			);
			sourceTree = "<group>";
		};
		4D4726B113E322D0008FA053 /* Products */ = {
			isa = PBXGroup;
			children = (
				4D4726B013E322D0008FA053 /* Zakopy */,
			);
			name = Products;
			sourceTree = "<group>";
		};
		4D4726B313E322D0008FA053 /* Zakopy */ = {
			isa = PBXGroup;
			children = (
				4D4726B413E322D0008FA053 /* main.c */,
				4D4726B613E322D0008FA053 /* Zakopy.1 */,
			);
			path = Zakopy;
			sourceTree = "<group>";
		};
/* End PBXGroup section */

/* Begin PBXNativeTarget section */
		4D4726AF13E322D0008FA053 /* Zakopy */ = {
			isa = PBXNativeTarget;
			buildConfigurationList = 4D4726BA13E322D0008FA053 /* Build configuration list for PBXNativeTarget "Zakopy" */;
			buildPhases = (
				4D4726AC13E322D0008FA053 /* Sources */,
				4D4726AD13E322D0008FA053 /* Frameworks */,
				4D4726AE13E322D0008FA053 /* CopyFiles */,
			);
			buildRules = (
			);
			dependencies = (
			);
			name = Zakopy;
			productName = Zakopy;
			productReference = 4D4726B013E322D0008FA053 /* Zakopy */;
			productType = "com.apple.product-type.tool";
		};
/* End PBXNativeTarget section */

/* Begin PBXProject section */
		4D4726A713E322D0008FA053 /* Project object */ = {
			isa = PBXProject;
			buildConfigurationList = 4D4726AA13E322D0008FA053 /* Build configuration list for PBXProject "Zakopy" */;
			compatibilityVersion = "Xcode 3.2";
			developmentRegion = English;
			hasScannedForEncodings = 0;
			knownRegions = (
				en,
			);
			mainGroup = 4D4726A513E322D0008FA053;
			productRefGroup = 4D4726B113E322D0008FA053 /* Products */;
			projectDirPath = "";
			projectRoot = "";
			targets = (
				4D4726AF13E322D0008FA053 /* Zakopy */,
			);
		};
/* End PBXProject section */

/* Begin PBXSourcesBuildPhase section */
		4D4726AC13E322D0008FA053 /* Sources */ = {
			isa = PBXSourcesBuildPhase;
			buildActionMask = 2147483647;
			files = (
				4D4726B513E322D0008FA053 /* main.c in Sources */,
			);
			runOnlyForDeploymentPostprocessing = 0;
		};
/* End PBXSourcesBuildPhase section */

/* Begin XCBuildConfiguration section */
		4D4726B813E322D0008FA053 /* Debug */ = {
			isa = XCBuildConfiguration;
			buildSettings = {
				ALWAYS_SEARCH_USER_PATHS = NO;
				ARCHS = "$(ARCHS_STANDARD_64_BIT)";
				COPY_PHASE_STRIP = NO;
				GCC_C_LANGUAGE_STANDARD = gnu99;
				GCC_DYNAMIC_NO_PIC = NO;
				GCC_ENABLE_OBJC_EXCEPTIONS = YES;
				GCC_OPTIMIZATION_LEVEL = 0;
				GCC_PREPROCESSOR_DEFINITIONS = (
					"DEBUG=1",
					"$(inherited)",
				);
				GCC_SYMBOLS_PRIVATE_EXTERN = NO;
				GCC_VERSION = com.apple.compilers.llvm.clang.1_0;
				GCC_WARN_64_TO_32_BIT_CONVERSION = YES;
				GCC_WARN_ABOUT_MISSING_PROTOTYPES = YES;
				GCC_WARN_ABOUT_RETURN_TYPE = YES;
				GCC_WARN_UNUSED_VARIABLE = YES;
				MACOSX_DEPLOYMENT_TARGET = 10.7;
				ONLY_ACTIVE_ARCH = YES;
				SDKROOT = macosx;
			};
			name = Debug;
		};
		4D4726B913E322D0008FA053 /* Release */ = {
			isa = XCBuildConfiguration;
			buildSettings = {
				ALWAYS_SEARCH_USER_PATHS = NO;
				ARCHS = "$(ARCHS_STANDARD_64_BIT)";
				COPY_PHASE_STRIP = YES;
				DEBUG_INFORMATION_FORMAT = "dwarf-with-dsym";
				GCC_C_LANGUAGE_STANDARD = gnu99;
				GCC_ENABLE_OBJC_EXCEPTIONS = YES;
				GCC_VERSION = com.apple.compilers.llvm.clang.1_0;
				GCC_WARN_64_TO_32_BIT_CONVERSION = YES;
				GCC_WARN_ABOUT_MISSING_PROTOTYPES = YES;
				GCC_WARN_ABOUT_RETURN_TYPE = YES;
				GCC_WARN_UNUSED_VARIABLE = YES;
				MACOSX_DEPLOYMENT_TARGET = 10.7;
				SDKROOT = macosx;
			};
			name = Release;
		};
		4D4726BB13E322D0008FA053 /* Debug */ = {
			isa = XCBuildConfiguration;
			buildSettings = {
				PRODUCT_NAME = "$(TARGET_NAME)";
			};
			name = Debug;
		};
		4D4726BC13E322D0008FA053 /* Release */ = {
			isa = XCBuildConfiguration;
			buildSettings = {
				PRODUCT_NAME = "$(TARGET_NAME)";
			};
			name = Release;
		};
/* End XCBuildConfiguration section */

/* Begin XCConfigurationList section */
		4D4726AA13E322D0008FA053 /* Build configuration list for PBXProject "Zakopy" */ = {
			isa = XCConfigurationList;
			buildConfigurations = (
				4D4726B813E322D0008FA053 /* Debug */,
				4D4726B913E322D0008FA053 /* Release */,
			);
			defaultConfigurationIsVisible = 0;
			defaultConfigurationName = Release;
		};
		4D4726BA13E322D0008FA053 /* Build configuration list for PBXNativeTarget "Zakopy" */ = {
			isa = XCConfigurationList;
			buildConfigurations = (
				4D4726BB13E322D0008FA053 /* Debug */,
				4D4726BC13E322D0008FA053 /* Release */,
			);
			defaultConfigurationIsVisible = 0;
		};
/* End XCConfigurationList section */
	};
	rootObject = 4D4726A713E322D0008FA053 /* Project object */;
}
